
Microsoft Visual Studio Solution File, Format Version 12.00
# Visual Studio 15
VisualStudioVersion = 15.0.26730.16
MinimumVisualStudioVersion = 10.0.40219.1
Project("{FAE04EC0-301F-11D3-BF4B-00C04F79EFBC}") = "tsrvtcnew", "tsrvtcnew\tsrvtcnew.csproj", "{33C89095-A948-4002-854B-BD468CAD787D}"
EndProject
Project("{2150E333-8FDC-42A3-9474-1A3956D46DE8}") = "Solution Items", "Solution Items", "{158C6AAE-93C5-49E3-A975-351C661471C6}"
EndProject
Global
	GlobalSection(SolutionConfigurationPlatforms) = preSolution
		Debug|Any CPU = Debug|Any CPU
		Release|Any CPU = Release|Any CPU
	EndGlobalSection
	GlobalSection(ProjectConfigurationPlatforms) = postSolution
		{33C89095-A948-4002-854B-BD468CAD787D}.Debug|Any CPU.ActiveCfg = Debug|Any CPU
		{33C89095-A948-4002-854B-BD468CAD787D}.Debug|Any CPU.Build.0 = Debug|Any CPU
		{33C89095-A948-4002-854B-BD468CAD787D}.Release|Any CPU.ActiveCfg = Release|Any CPU
		{33C89095-A948-4002-854B-BD468CAD787D}.Release|Any CPU.Build.0 = Release|Any CPU
	EndGlobalSection
	GlobalSection(SolutionProperties) = preSolution
		HideSolutionNode = FALSE
	EndGlobalSection
	GlobalSection(ExtensibilityGlobals) = postSolution
		SolutionGuid = {9BECC81F-01F2-477C-9361-D830BFDCE908}
	EndGlobalSection
EndGlobal
